{
  "name": "bedrock",
  "version": "0.1.0",
  "lockfileVersion": 3,
  "requires": true,
  "packages": {
    "": {
      "name": "bedrock",
      "version": "0.1.0",
      "license": "MPL",
      "dependencies": {
        "@playwright/test": "^1.45.3",
        "dotenv": "^16.4.1"
      }
    },
    "node_modules/@playwright/test": {
      "version": "1.45.3",
      "resolved": "https://registry.npmjs.org/@playwright/test/-/test-1.45.3.tgz",
      "integrity": "sha512-UKF4XsBfy+u3MFWEH44hva1Q8Da28G6RFtR2+5saw+jgAFQV5yYnB1fu68Mz7fO+5GJF3wgwAIs0UelU8TxFrA==",
      "dependencies": {
        "playwright": "1.45.3"
      },
      "bin": {
        "playwright": "cli.js"
      },
      "engines": {
        "node": ">=18"
      }
    },
    "node_modules/dotenv": {
      "version": "16.4.5",
      "resolved": "https://registry.npmjs.org/dotenv/-/dotenv-16.4.5.tgz",
      "integrity": "sha512-ZmdL2rui+eB2YwhsWzjInR8LldtZHGDoQ1ugH85ppHKwpUHL7j7rN0Ti9NCnGiQbhaZ11FpR+7ao1dNsmduNUg==",
      "engines": {
        "node": ">=12"
      },
      "funding": {
        "url": "https://dotenvx.com"
      }
    },
    "node_modules/fsevents": {
      "version": "2.3.2",
      "resolved": "https://registry.npmjs.org/fsevents/-/fsevents-2.3.2.tgz",
      "integrity": "sha512-xiqMQR4xAeHTuB9uWm+fFRcIOgKBMiOBP+eXiyT7jsgVCq1bkVygt00oASowB7EdtpOHaaPgKt812P9ab+DDKA==",
      "hasInstallScript": true,
      "optional": true,
      "os": [
        "darwin"
      ],
      "engines": {
        "node": "^8.16.0 || ^10.6.0 || >=11.0.0"
      }
    },
    "node_modules/playwright": {
      "version": "1.45.3",
      "resolved": "https://registry.npmjs.org/playwright/-/playwright-1.45.3.tgz",
      "integrity": "sha512-QhVaS+lpluxCaioejDZ95l4Y4jSFCsBvl2UZkpeXlzxmqS+aABr5c82YmfMHrL6x27nvrvykJAFpkzT2eWdJww==",
      "dependencies": {
        "playwright-core": "1.45.3"
      },
      "bin": {
        "playwright": "cli.js"
      },
      "engines": {
        "node": ">=18"
      },
      "optionalDependencies": {
        "fsevents": "2.3.2"
      }
    },
    "node_modules/playwright-core": {
      "version": "1.45.3",
      "resolved": "https://registry.npmjs.org/playwright-core/-/playwright-core-1.45.3.tgz",
      "integrity": "sha512-+ym0jNbcjikaOwwSZycFbwkWgfruWvYlJfThKYAlImbxUgdWFO2oW70ojPm4OpE4t6TAo2FY/smM+hpVTtkhDA==",
      "bin": {
        "playwright-core": "cli.js"
      },
      "engines": {
        "node": ">=18"
      }
    }
  }
}
