{
  "name": "bedrock",
  "version": "0.1.0",
  "lockfileVersion": 1,
  "requires": true,
  "dependencies": {
    "ansi-regex": {
      "version": "2.1.1",
      "resolved": "https://registry.npmjs.org/ansi-regex/-/ansi-regex-2.1.1.tgz",
      "integrity": "sha1-w7M6te42DYbg5ijwRorn7yfWVN8=",
      "dev": true
    },
    "builtin-modules": {
      "version": "1.1.1",
      "resolved": "https://registry.npmjs.org/builtin-modules/-/builtin-modules-1.1.1.tgz",
      "integrity": "sha1-Jw8HbFpywC9bZaR9+Uxf46J4iS8=",
      "dev": true
    },
    "camelcase": {
      "version": "3.0.0",
      "resolved": "https://registry.npmjs.org/camelcase/-/camelcase-3.0.0.tgz",
      "integrity": "sha1-MvxLn82vhF/N9+c7uXysImHwqwo=",
      "dev": true
    },
    "cliui": {
      "version": "3.2.0",
      "resolved": "https://registry.npmjs.org/cliui/-/cliui-3.2.0.tgz",
      "integrity": "sha1-EgYBU3qRbSmUD5NNo7SNWFo5IT0=",
      "dev": true,
      "requires": {
        "string-width": "1.0.2",
        "strip-ansi": "3.0.1",
        "wrap-ansi": "2.1.0"
      }
    },
    "code-point-at": {
      "version": "1.1.0",
      "resolved": "https://registry.npmjs.org/code-point-at/-/code-point-at-1.1.0.tgz",
      "integrity": "sha1-DQcLTQQ6W+ozovGkDi7bPZpMz3c=",
      "dev": true
    },
    "decamelize": {
      "version": "1.2.0",
      "resolved": "https://registry.npmjs.org/decamelize/-/decamelize-1.2.0.tgz",
      "integrity": "sha1-9lNNFRSCabIDUue+4m9QH5oZEpA=",
      "dev": true
    },
    "error-ex": {
      "version": "1.3.1",
      "resolved": "https://registry.npmjs.org/error-ex/-/error-ex-1.3.1.tgz",
      "integrity": "sha1-+FWobOYa3E6GIcPNoh56dhLDqNw=",
      "dev": true,
      "requires": {
        "is-arrayish": "0.2.1"
      }
    },
    "find-up": {
      "version": "1.1.2",
      "resolved": "https://registry.npmjs.org/find-up/-/find-up-1.1.2.tgz",
      "integrity": "sha1-ay6YIrGizgpgq2TWEOzK1TyyTQ8=",
      "dev": true,
      "requires": {
        "path-exists": "2.1.0",
        "pinkie-promise": "2.0.1"
      }
    },
    "get-caller-file": {
      "version": "1.0.2",
      "resolved": "https://registry.npmjs.org/get-caller-file/-/get-caller-file-1.0.2.tgz",
      "integrity": "sha1-9wLmMSfn4jHBYKgMFVSstw1QR+U=",
      "dev": true
    },
    "graceful-fs": {
      "version": "4.1.11",
      "resolved": "https://registry.npmjs.org/graceful-fs/-/graceful-fs-4.1.11.tgz",
      "integrity": "sha1-Dovf5NHduIVNZOBOp8AOKgJuVlg=",
      "dev": true
    },
    "hosted-git-info": {
      "version": "2.5.0",
      "resolved": "https://registry.npmjs.org/hosted-git-info/-/hosted-git-info-2.5.0.tgz",
      "integrity": "sha512-pNgbURSuab90KbTqvRPsseaTxOJCZBD0a7t+haSN33piP9cCM4l0CqdzAif2hUqm716UovKB2ROmiabGAKVXyg==",
      "dev": true
    },
    "invert-kv": {
      "version": "1.0.0",
      "resolved": "https://registry.npmjs.org/invert-kv/-/invert-kv-1.0.0.tgz",
      "integrity": "sha1-EEqOSqym09jNFXqO+L+rLXo//bY=",
      "dev": true
    },
    "is-arrayish": {
      "version": "0.2.1",
      "resolved": "https://registry.npmjs.org/is-arrayish/-/is-arrayish-0.2.1.tgz",
      "integrity": "sha1-d8mYQFJ6qOyxqLppe4BkWnqSap0=",
      "dev": true
    },
    "is-builtin-module": {
      "version": "1.0.0",
      "resolved": "https://registry.npmjs.org/is-builtin-module/-/is-builtin-module-1.0.0.tgz",
      "integrity": "sha1-VAVy0096wxGfj3bDDLwbHgN6/74=",
      "dev": true,
      "requires": {
        "builtin-modules": "1.1.1"
      }
    },
    "is-fullwidth-code-point": {
      "version": "1.0.0",
      "resolved": "https://registry.npmjs.org/is-fullwidth-code-point/-/is-fullwidth-code-point-1.0.0.tgz",
      "integrity": "sha1-754xOG8DGn8NZDr4L95QxFfvAMs=",
      "dev": true,
      "requires": {
        "number-is-nan": "1.0.1"
      }
    },
    "is-utf8": {
      "version": "0.2.1",
      "resolved": "https://registry.npmjs.org/is-utf8/-/is-utf8-0.2.1.tgz",
      "integrity": "sha1-Sw2hRCEE0bM2NA6AeX6GXPOffXI=",
      "dev": true
    },
    "lcid": {
      "version": "1.0.0",
      "resolved": "https://registry.npmjs.org/lcid/-/lcid-1.0.0.tgz",
      "integrity": "sha1-MIrMr6C8SDo4Z7S28rlQYlHRuDU=",
      "dev": true,
      "requires": {
        "invert-kv": "1.0.0"
      }
    },
    "load-json-file": {
      "version": "1.1.0",
      "resolved": "https://registry.npmjs.org/load-json-file/-/load-json-file-1.1.0.tgz",
      "integrity": "sha1-lWkFcI1YtLq0wiYbBPWfMcmTdMA=",
      "dev": true,
      "requires": {
        "graceful-fs": "4.1.11",
        "parse-json": "2.2.0",
        "pify": "2.3.0",
        "pinkie-promise": "2.0.1",
        "strip-bom": "2.0.0"
      }
    },
    "lockdown": {
      "version": "https://github.com/mozilla/npm-lockdown/archive/v0.0.8.tar.gz",
      "integrity": "sha1-c0SQf+yqMzDoD50yO46+T9TxgG8=",
      "requires": {
        "npmconf": "1.1.5",
        "osenv": "0.1.0",
        "read-installed": "3.1.0"
      },
      "dependencies": {
        "npmconf": {
          "version": "1.1.5",
          "resolved": "https://registry.npmjs.org/npmconf/-/npmconf-1.1.5.tgz",
          "integrity": "sha1-B3d76kjXju11pCWJYqCfPce2uRY=",
          "requires": {
            "config-chain": "1.1.9",
            "inherits": "2.0.1",
            "ini": "1.3.4",
            "mkdirp": "0.5.1",
            "nopt": "3.0.4",
            "once": "1.3.2",
            "osenv": "0.1.0",
            "semver": "2.3.2",
            "uid-number": "0.0.5"
          },
          "dependencies": {
            "config-chain": {
              "version": "1.1.9",
              "resolved": "https://registry.npmjs.org/config-chain/-/config-chain-1.1.9.tgz",
              "integrity": "sha1-Oax9TcqE+q2SYSTFTP8lpTqov24=",
              "requires": {
                "ini": "1.3.4",
                "proto-list": "1.2.4"
              },
              "dependencies": {
                "proto-list": {
                  "version": "1.2.4",
                  "resolved": "https://registry.npmjs.org/proto-list/-/proto-list-1.2.4.tgz",
                  "integrity": "sha1-IS1b/hMYMGpCD2QCuOJv85ZHqEk="
                }
              }
            },
            "inherits": {
              "version": "2.0.1",
              "resolved": "https://registry.npmjs.org/inherits/-/inherits-2.0.1.tgz",
              "integrity": "sha1-sX0I0ya0Qj5Wjv9xn5GwscvfafE="
            },
            "ini": {
              "version": "1.3.4",
              "resolved": "https://registry.npmjs.org/ini/-/ini-1.3.4.tgz",
              "integrity": "sha1-BTfLedr1m1mhpRff9wbIbsA5Fi4="
            },
            "mkdirp": {
              "version": "0.5.1",
              "resolved": "https://registry.npmjs.org/mkdirp/-/mkdirp-0.5.1.tgz",
              "integrity": "sha1-MAV0OOrGz3+MR2fzhkjWaX11yQM=",
              "requires": {
                "minimist": "0.0.8"
              },
              "dependencies": {
                "minimist": {
                  "version": "0.0.8",
                  "resolved": "https://registry.npmjs.org/minimist/-/minimist-0.0.8.tgz",
                  "integrity": "sha1-hX/Kv8M5fSYluCKCYuhqp6ARsF0="
                }
              }
            },
            "nopt": {
              "version": "3.0.4",
              "resolved": "https://registry.npmjs.org/nopt/-/nopt-3.0.4.tgz",
              "integrity": "sha1-3WO8nHKm5Ohbhc3AyjFFmPrO3l4=",
              "requires": {
                "abbrev": "1.0.7"
              },
              "dependencies": {
                "abbrev": {
                  "version": "1.0.7",
                  "resolved": "https://registry.npmjs.org/abbrev/-/abbrev-1.0.7.tgz",
                  "integrity": "sha1-W2A1su6dT7XPhZ8Iqb6BsghJGEM="
                }
              }
            },
            "once": {
              "version": "1.3.2",
              "resolved": "https://registry.npmjs.org/once/-/once-1.3.2.tgz",
              "integrity": "sha1-2P7sqTsDnsHc3ud0HJK9rF4oCBs=",
              "requires": {
                "wrappy": "1.0.1"
              },
              "dependencies": {
                "wrappy": {
                  "version": "1.0.1",
                  "resolved": "https://registry.npmjs.org/wrappy/-/wrappy-1.0.1.tgz",
                  "integrity": "sha1-HmWWmWXMvC20VIxrhKbyxa7dRzk="
                }
              }
            },
            "semver": {
              "version": "2.3.2",
              "resolved": "https://registry.npmjs.org/semver/-/semver-2.3.2.tgz",
              "integrity": "sha1-uYSPJdbPNjMwc+ye+IVtQvEjPlI="
            },
            "uid-number": {
              "version": "0.0.5",
              "resolved": "https://registry.npmjs.org/uid-number/-/uid-number-0.0.5.tgz",
              "integrity": "sha1-Wj2yPvXb1VuB/ODsmirG/M3ruB4="
            }
          }
        },
        "osenv": {
          "version": "0.1.0",
          "resolved": "https://registry.npmjs.org/osenv/-/osenv-0.1.0.tgz",
          "integrity": "sha1-YWaBIe7FhJVQMLn0cLHSMJUEv8s="
        },
        "read-installed": {
          "version": "3.1.0",
          "resolved": "https://registry.npmjs.org/read-installed/-/read-installed-3.1.0.tgz",
          "integrity": "sha1-RwdbqIKBR+1JUITfd58ppDKa098=",
          "requires": {
            "debuglog": "1.0.1",
            "graceful-fs": "3.0.8",
            "read-package-json": "1.3.3",
            "readdir-scoped-modules": "1.0.2",
            "semver": "3.0.1",
            "slide": "1.1.6",
            "util-extend": "1.0.1"
          },
          "dependencies": {
            "debuglog": {
              "version": "1.0.1",
              "resolved": "https://registry.npmjs.org/debuglog/-/debuglog-1.0.1.tgz",
              "integrity": "sha1-qiT/uaw9+aI1GDfPstJ5NgzXhJI="
            },
            "graceful-fs": {
              "version": "3.0.8",
              "resolved": "https://registry.npmjs.org/graceful-fs/-/graceful-fs-3.0.8.tgz",
              "integrity": "sha1-zoE+cl+oL35hR9UcmlymgnBVHCI=",
              "optional": true
            },
            "read-package-json": {
              "version": "1.3.3",
              "resolved": "https://registry.npmjs.org/read-package-json/-/read-package-json-1.3.3.tgz",
              "integrity": "sha1-73nf2kbhZTdu6KV++/7dTRsCm6Q=",
              "requires": {
                "glob": "5.0.15",
                "graceful-fs": "3.0.8",
                "json-parse-helpfulerror": "1.0.3",
                "normalize-package-data": "1.0.3"
              },
              "dependencies": {
                "glob": {
                  "version": "5.0.15",
                  "resolved": "https://registry.npmjs.org/glob/-/glob-5.0.15.tgz",
                  "integrity": "sha1-G8k2ueAvSmA/zCIuz3Yz0wuLk7E=",
                  "requires": {
                    "inflight": "1.0.4",
                    "inherits": "2.0.1",
                    "minimatch": "3.0.0",
                    "once": "1.3.2",
                    "path-is-absolute": "1.0.0"
                  },
                  "dependencies": {
                    "inflight": {
                      "version": "1.0.4",
                      "resolved": "https://registry.npmjs.org/inflight/-/inflight-1.0.4.tgz",
                      "integrity": "sha1-bLtFIevVHODsCpNr/XZX736bFyo=",
                      "requires": {
                        "once": "1.3.2",
                        "wrappy": "1.0.1"
                      },
                      "dependencies": {
                        "wrappy": {
                          "version": "1.0.1",
                          "resolved": "https://registry.npmjs.org/wrappy/-/wrappy-1.0.1.tgz",
                          "integrity": "sha1-HmWWmWXMvC20VIxrhKbyxa7dRzk="
                        }
                      }
                    },
                    "inherits": {
                      "version": "2.0.1",
                      "resolved": "https://registry.npmjs.org/inherits/-/inherits-2.0.1.tgz",
                      "integrity": "sha1-sX0I0ya0Qj5Wjv9xn5GwscvfafE="
                    },
                    "minimatch": {
                      "version": "3.0.0",
                      "resolved": "https://registry.npmjs.org/minimatch/-/minimatch-3.0.0.tgz",
                      "integrity": "sha1-UjYVelHk8ATBd/s8Un/33Xjw74M=",
                      "requires": {
                        "brace-expansion": "1.1.1"
                      },
                      "dependencies": {
                        "brace-expansion": {
                          "version": "1.1.1",
                          "resolved": "https://registry.npmjs.org/brace-expansion/-/brace-expansion-1.1.1.tgz",
                          "integrity": "sha1-2l+3iu9MRMnkrPUlBk+zII66sEU=",
                          "requires": {
                            "balanced-match": "0.2.0",
                            "concat-map": "0.0.1"
                          },
                          "dependencies": {
                            "balanced-match": {
                              "version": "0.2.0",
                              "resolved": "https://registry.npmjs.org/balanced-match/-/balanced-match-0.2.0.tgz",
                              "integrity": "sha1-OPZzDAOqttXtu1K9k0iF51bXFnQ="
                            },
                            "concat-map": {
                              "version": "0.0.1",
                              "resolved": "https://registry.npmjs.org/concat-map/-/concat-map-0.0.1.tgz",
                              "integrity": "sha1-2Klr13/Wjfd5OnMDajug1UBdR3s="
                            }
                          }
                        }
                      }
                    },
                    "once": {
                      "version": "1.3.2",
                      "resolved": "https://registry.npmjs.org/once/-/once-1.3.2.tgz",
                      "integrity": "sha1-2P7sqTsDnsHc3ud0HJK9rF4oCBs=",
                      "requires": {
                        "wrappy": "1.0.1"
                      },
                      "dependencies": {
                        "wrappy": {
                          "version": "1.0.1",
                          "resolved": "https://registry.npmjs.org/wrappy/-/wrappy-1.0.1.tgz",
                          "integrity": "sha1-HmWWmWXMvC20VIxrhKbyxa7dRzk="
                        }
                      }
                    },
                    "path-is-absolute": {
                      "version": "1.0.0",
                      "resolved": "https://registry.npmjs.org/path-is-absolute/-/path-is-absolute-1.0.0.tgz",
                      "integrity": "sha1-Jj2tpmqz8vsQv3+dJN2PPlcO+RI="
                    }
                  }
                },
                "json-parse-helpfulerror": {
                  "version": "1.0.3",
                  "resolved": "https://registry.npmjs.org/json-parse-helpfulerror/-/json-parse-helpfulerror-1.0.3.tgz",
                  "integrity": "sha1-E/FM4C7tTpgSl7ZOueO5MuLdE9w=",
                  "requires": {
                    "jju": "1.2.1"
                  },
                  "dependencies": {
                    "jju": {
                      "version": "1.2.1",
                      "resolved": "https://registry.npmjs.org/jju/-/jju-1.2.1.tgz",
                      "integrity": "sha1-7fbsINXWaMgMLADOpj+KlCKktSg="
                    }
                  }
                },
                "normalize-package-data": {
                  "version": "1.0.3",
                  "resolved": "https://registry.npmjs.org/normalize-package-data/-/normalize-package-data-1.0.3.tgz",
                  "integrity": "sha1-i+lVuJB6+XXxpFhOqLubQUkjEvU=",
                  "requires": {
                    "github-url-from-git": "1.4.0",
                    "github-url-from-username-repo": "1.0.2",
                    "semver": "3.0.1"
                  },
                  "dependencies": {
                    "github-url-from-git": {
                      "version": "1.4.0",
                      "resolved": "https://registry.npmjs.org/github-url-from-git/-/github-url-from-git-1.4.0.tgz",
                      "integrity": "sha1-KF5rUggZABveEoZ0cEN55P8D4N4="
                    },
                    "github-url-from-username-repo": {
                      "version": "1.0.2",
                      "resolved": "https://registry.npmjs.org/github-url-from-username-repo/-/github-url-from-username-repo-1.0.2.tgz",
                      "integrity": "sha1-fdeTMNKr5pwQws73lxTJchV5Hfo="
                    }
                  }
                }
              }
            },
            "readdir-scoped-modules": {
              "version": "1.0.2",
              "resolved": "https://registry.npmjs.org/readdir-scoped-modules/-/readdir-scoped-modules-1.0.2.tgz",
              "integrity": "sha1-n6+jfShr5dksuuve4DDcm19AZ0c=",
              "requires": {
                "debuglog": "1.0.1",
                "dezalgo": "1.0.3",
                "graceful-fs": "4.1.2",
                "once": "1.3.2"
              },
              "dependencies": {
                "dezalgo": {
                  "version": "1.0.3",
                  "resolved": "https://registry.npmjs.org/dezalgo/-/dezalgo-1.0.3.tgz",
                  "integrity": "sha1-f3Qt4Gb8dIvI24IFad3c5Jvw1FY=",
                  "requires": {
                    "asap": "2.0.3",
                    "wrappy": "1.0.1"
                  },
                  "dependencies": {
                    "asap": {
                      "version": "2.0.3",
                      "resolved": "https://registry.npmjs.org/asap/-/asap-2.0.3.tgz",
                      "integrity": "sha1-H8HRVk7hFiDfym1nAphQkT+fRnk="
                    },
                    "wrappy": {
                      "version": "1.0.1",
                      "resolved": "https://registry.npmjs.org/wrappy/-/wrappy-1.0.1.tgz",
                      "integrity": "sha1-HmWWmWXMvC20VIxrhKbyxa7dRzk="
                    }
                  }
                },
                "graceful-fs": {
                  "version": "4.1.2",
                  "resolved": "https://registry.npmjs.org/graceful-fs/-/graceful-fs-4.1.2.tgz",
                  "integrity": "sha1-/iI5t1dJcuZ+QfgIgj+b+kqZHjc="
                },
                "once": {
                  "version": "1.3.2",
                  "resolved": "https://registry.npmjs.org/once/-/once-1.3.2.tgz",
                  "integrity": "sha1-2P7sqTsDnsHc3ud0HJK9rF4oCBs=",
                  "requires": {
                    "wrappy": "1.0.1"
                  },
                  "dependencies": {
                    "wrappy": {
                      "version": "1.0.1",
                      "resolved": "https://registry.npmjs.org/wrappy/-/wrappy-1.0.1.tgz",
                      "integrity": "sha1-HmWWmWXMvC20VIxrhKbyxa7dRzk="
                    }
                  }
                }
              }
            },
            "semver": {
              "version": "3.0.1",
              "resolved": "https://registry.npmjs.org/semver/-/semver-3.0.1.tgz",
              "integrity": "sha1-cgrAElFaJS+R+w3S6ZpWpw1s8Hg="
            },
            "slide": {
              "version": "1.1.6",
              "resolved": "https://registry.npmjs.org/slide/-/slide-1.1.6.tgz",
              "integrity": "sha1-VusCfWW00tzmyy4tMsTUr8nh1wc="
            },
            "util-extend": {
              "version": "1.0.1",
              "resolved": "https://registry.npmjs.org/util-extend/-/util-extend-1.0.1.tgz",
              "integrity": "sha1-u3A7eUgCk93Nz7PGqf6iD0g0Fbw="
            }
          }
        }
      }
    },
    "lodash.assign": {
      "version": "4.2.0",
      "resolved": "https://registry.npmjs.org/lodash.assign/-/lodash.assign-4.2.0.tgz",
      "integrity": "sha1-DZnzzNem0mHRm9rrkkUAXShYCOc=",
      "dev": true
    },
    "marked": {
      "version": "0.3.6",
      "resolved": "https://registry.npmjs.org/marked/-/marked-0.3.6.tgz",
      "integrity": "sha1-ssbGGPzOzk74bE/Gy4p8v1rtqNc=",
      "dev": true
    },
    "normalize-package-data": {
      "version": "2.4.0",
      "resolved": "https://registry.npmjs.org/normalize-package-data/-/normalize-package-data-2.4.0.tgz",
      "integrity": "sha512-9jjUFbTPfEy3R/ad/2oNbKtW9Hgovl5O1FvFWKkKblNXoN/Oou6+9+KKohPK13Yc3/TyunyWhJp6gvRNR/PPAw==",
      "dev": true,
      "requires": {
        "hosted-git-info": "2.5.0",
        "is-builtin-module": "1.0.0",
        "semver": "5.4.1",
        "validate-npm-package-license": "3.0.1"
      }
    },
    "number-is-nan": {
      "version": "1.0.1",
      "resolved": "https://registry.npmjs.org/number-is-nan/-/number-is-nan-1.0.1.tgz",
      "integrity": "sha1-CXtgK1NCKlIsGvuHkDGDNpQaAR0=",
      "dev": true
    },
    "os-locale": {
      "version": "1.4.0",
      "resolved": "https://registry.npmjs.org/os-locale/-/os-locale-1.4.0.tgz",
      "integrity": "sha1-IPnxeuKe00XoveWDsT0gCYA8FNk=",
      "dev": true,
      "requires": {
        "lcid": "1.0.0"
      }
    },
    "parse-json": {
      "version": "2.2.0",
      "resolved": "https://registry.npmjs.org/parse-json/-/parse-json-2.2.0.tgz",
      "integrity": "sha1-9ID0BDTvgHQfhGkJn43qGPVaTck=",
      "dev": true,
      "requires": {
        "error-ex": "1.3.1"
      }
    },
    "path-exists": {
      "version": "2.1.0",
      "resolved": "https://registry.npmjs.org/path-exists/-/path-exists-2.1.0.tgz",
      "integrity": "sha1-D+tsZPD8UY2adU3V77YscCJ2H0s=",
      "dev": true,
      "requires": {
        "pinkie-promise": "2.0.1"
      }
    },
    "path-type": {
      "version": "1.1.0",
      "resolved": "https://registry.npmjs.org/path-type/-/path-type-1.1.0.tgz",
      "integrity": "sha1-WcRPfuSR2nBNpBXaWkBwuk+P5EE=",
      "dev": true,
      "requires": {
        "graceful-fs": "4.1.11",
        "pify": "2.3.0",
        "pinkie-promise": "2.0.1"
      }
    },
    "pify": {
      "version": "2.3.0",
      "resolved": "https://registry.npmjs.org/pify/-/pify-2.3.0.tgz",
      "integrity": "sha1-7RQaasBDqEnqWISY59yosVMw6Qw=",
      "dev": true
    },
    "pinkie": {
      "version": "2.0.4",
      "resolved": "https://registry.npmjs.org/pinkie/-/pinkie-2.0.4.tgz",
      "integrity": "sha1-clVrgM+g1IqXToDnckjoDtT3+HA=",
      "dev": true
    },
    "pinkie-promise": {
      "version": "2.0.1",
      "resolved": "https://registry.npmjs.org/pinkie-promise/-/pinkie-promise-2.0.1.tgz",
      "integrity": "sha1-ITXW36ejWMBprJsXh3YogihFD/o=",
      "dev": true,
      "requires": {
        "pinkie": "2.0.4"
      }
    },
    "read-pkg": {
      "version": "1.1.0",
      "resolved": "https://registry.npmjs.org/read-pkg/-/read-pkg-1.1.0.tgz",
      "integrity": "sha1-9f+qXs0pyzHAR0vKfXVra7KePyg=",
      "dev": true,
      "requires": {
        "load-json-file": "1.1.0",
        "normalize-package-data": "2.4.0",
        "path-type": "1.1.0"
      }
    },
    "read-pkg-up": {
      "version": "1.0.1",
      "resolved": "https://registry.npmjs.org/read-pkg-up/-/read-pkg-up-1.0.1.tgz",
      "integrity": "sha1-nWPBMnbAZZGNV/ACpX9AobZD+wI=",
      "dev": true,
      "requires": {
        "find-up": "1.1.2",
        "read-pkg": "1.1.0"
      }
    },
    "require-directory": {
      "version": "2.1.1",
      "resolved": "https://registry.npmjs.org/require-directory/-/require-directory-2.1.1.tgz",
      "integrity": "sha1-jGStX9MNqxyXbiNE/+f3kqam30I=",
      "dev": true
    },
    "require-main-filename": {
      "version": "1.0.1",
      "resolved": "https://registry.npmjs.org/require-main-filename/-/require-main-filename-1.0.1.tgz",
      "integrity": "sha1-l/cXtp1IeE9fUmpsWqj/3aBVpNE=",
      "dev": true
    },
    "semver": {
      "version": "5.4.1",
      "resolved": "https://registry.npmjs.org/semver/-/semver-5.4.1.tgz",
      "integrity": "sha512-WfG/X9+oATh81XtllIo/I8gOiY9EXRdv1cQdyykeXK17YcUW3EXUAi2To4pcH6nZtJPr7ZOpM5OMyWJZm+8Rsg==",
      "dev": true
    },
    "set-blocking": {
      "version": "2.0.0",
      "resolved": "https://registry.npmjs.org/set-blocking/-/set-blocking-2.0.0.tgz",
      "integrity": "sha1-BF+XgtARrppoA93TgrJDkrPYkPc=",
      "dev": true
    },
    "spdx-correct": {
      "version": "1.0.2",
      "resolved": "https://registry.npmjs.org/spdx-correct/-/spdx-correct-1.0.2.tgz",
      "integrity": "sha1-SzBz2TP/UfORLwOsVRlJikFQ20A=",
      "dev": true,
      "requires": {
        "spdx-license-ids": "1.2.2"
      }
    },
    "spdx-expression-parse": {
      "version": "1.0.4",
      "resolved": "https://registry.npmjs.org/spdx-expression-parse/-/spdx-expression-parse-1.0.4.tgz",
      "integrity": "sha1-m98vIOH0DtRH++JzJmGR/O1RYmw=",
      "dev": true
    },
    "spdx-license-ids": {
      "version": "1.2.2",
      "resolved": "https://registry.npmjs.org/spdx-license-ids/-/spdx-license-ids-1.2.2.tgz",
      "integrity": "sha1-yd96NCRZSt5r0RkA1ZZpbcBrrFc=",
      "dev": true
    },
    "string-width": {
      "version": "1.0.2",
      "resolved": "https://registry.npmjs.org/string-width/-/string-width-1.0.2.tgz",
      "integrity": "sha1-EYvfW4zcUaKn5w0hHgfisLmxB9M=",
      "dev": true,
      "requires": {
        "code-point-at": "1.1.0",
        "is-fullwidth-code-point": "1.0.0",
        "strip-ansi": "3.0.1"
      }
    },
    "strip-ansi": {
      "version": "3.0.1",
      "resolved": "https://registry.npmjs.org/strip-ansi/-/strip-ansi-3.0.1.tgz",
      "integrity": "sha1-ajhfuIU9lS1f8F0Oiq+UJ43GPc8=",
      "dev": true,
      "requires": {
        "ansi-regex": "2.1.1"
      }
    },
    "strip-bom": {
      "version": "2.0.0",
      "resolved": "https://registry.npmjs.org/strip-bom/-/strip-bom-2.0.0.tgz",
      "integrity": "sha1-YhmoVhZSBJHzV4i9vxRHqZx+aw4=",
      "dev": true,
      "requires": {
        "is-utf8": "0.2.1"
      }
    },
    "toctoc": {
      "version": "0.2.3",
      "resolved": "https://registry.npmjs.org/toctoc/-/toctoc-0.2.3.tgz",
      "integrity": "sha1-htrFCAyEX+QZVhS3eF+LtK8jPuY=",
      "dev": true,
      "requires": {
        "marked": "0.3.6",
        "yargs": "4.8.1"
      }
    },
    "validate-npm-package-license": {
      "version": "3.0.1",
      "resolved": "https://registry.npmjs.org/validate-npm-package-license/-/validate-npm-package-license-3.0.1.tgz",
      "integrity": "sha1-KAS6vnEq0zeUWaz74kdGqywwP7w=",
      "dev": true,
      "requires": {
        "spdx-correct": "1.0.2",
        "spdx-expression-parse": "1.0.4"
      }
    },
    "which-module": {
      "version": "1.0.0",
      "resolved": "https://registry.npmjs.org/which-module/-/which-module-1.0.0.tgz",
      "integrity": "sha1-u6Y8qGGUiZT/MHc2CJ47lgJsKk8=",
      "dev": true
    },
    "window-size": {
      "version": "0.2.0",
      "resolved": "https://registry.npmjs.org/window-size/-/window-size-0.2.0.tgz",
      "integrity": "sha1-tDFbtCFKPXBY6+7okuE/ok2YsHU=",
      "dev": true
    },
    "wrap-ansi": {
      "version": "2.1.0",
      "resolved": "https://registry.npmjs.org/wrap-ansi/-/wrap-ansi-2.1.0.tgz",
      "integrity": "sha1-2Pw9KE3QV5T+hJc8rs3Rz4JP3YU=",
      "dev": true,
      "requires": {
        "string-width": "1.0.2",
        "strip-ansi": "3.0.1"
      }
    },
    "y18n": {
      "version": "3.2.1",
      "resolved": "https://registry.npmjs.org/y18n/-/y18n-3.2.1.tgz",
      "integrity": "sha1-bRX7qITAhnnA136I53WegR4H+kE=",
      "dev": true
    },
    "yargs": {
      "version": "4.8.1",
      "resolved": "https://registry.npmjs.org/yargs/-/yargs-4.8.1.tgz",
      "integrity": "sha1-wMQpJMpKqmsObaFznfshZDn53cA=",
      "dev": true,
      "requires": {
        "cliui": "3.2.0",
        "decamelize": "1.2.0",
        "get-caller-file": "1.0.2",
        "lodash.assign": "4.2.0",
        "os-locale": "1.4.0",
        "read-pkg-up": "1.0.1",
        "require-directory": "2.1.1",
        "require-main-filename": "1.0.1",
        "set-blocking": "2.0.0",
        "string-width": "1.0.2",
        "which-module": "1.0.0",
        "window-size": "0.2.0",
        "y18n": "3.2.1",
        "yargs-parser": "2.4.1"
      }
    },
    "yargs-parser": {
      "version": "2.4.1",
      "resolved": "https://registry.npmjs.org/yargs-parser/-/yargs-parser-2.4.1.tgz",
      "integrity": "sha1-hVaN488VD/SfpRgl8DqMiA3cxcQ=",
      "dev": true,
      "requires": {
        "camelcase": "3.0.0",
        "lodash.assign": "4.2.0"
      }
    }
  }
}
